
Microsoft Visual Studio Solution File, Format Version 12.00
# Visual Studio Version 16
VisualStudioVersion = 16.0.29728.190
MinimumVisualStudioVersion = 10.0.40219.1
Project("{FAE04EC0-301F-11D3-BF4B-00C04F79EFBC}") = "RazorPagesUI", "RazorPagesUI\RazorPagesUI.csproj", "{129E06C3-1CBA-49D3-A14E-92D384E0CD5D}"
EndProject
Global
	GlobalSection(SolutionConfigurationPlatforms) = preSolution
		Debug|Any CPU = Debug|Any CPU
		Release|Any CPU = Release|Any CPU
	EndGlobalSection
	GlobalSection(ProjectConfigurationPlatforms) = postSolution
		{129E06C3-1CBA-49D3-A14E-92D384E0CD5D}.Debug|Any CPU.ActiveCfg = Debug|Any CPU
		{129E06C3-1CBA-49D3-A14E-92D384E0CD5D}.Debug|Any CPU.Build.0 = Debug|Any CPU
		{129E06C3-1CBA-49D3-A14E-92D384E0CD5D}.Release|Any CPU.ActiveCfg = Release|Any CPU
		{129E06C3-1CBA-49D3-A14E-92D384E0CD5D}.Release|Any CPU.Build.0 = Release|Any CPU
	EndGlobalSection
	GlobalSection(SolutionProperties) = preSolution
		HideSolutionNode = FALSE
	EndGlobalSection
	GlobalSection(ExtensibilityGlobals) = postSolution
		SolutionGuid = {CDC48E5F-1CAB-4239-BBDC-C41332751E2B}
	EndGlobalSection
EndGlobal
