
Microsoft Visual Studio Solution File, Format Version 12.00
# Visual Studio Version 16
VisualStudioVersion = 16.0.30309.148
MinimumVisualStudioVersion = 10.0.40219.1
Project("{FAE04EC0-301F-11D3-BF4B-00C04F79EFBC}") = "WebAPI", "WebAPI\WebAPI.csproj", "{4BC1AD03-CB4F-4D0C-BD9E-6A1E8052BE76}"
EndProject
Global
	GlobalSection(SolutionConfigurationPlatforms) = preSolution
		Debug|Any CPU = Debug|Any CPU
		Release|Any CPU = Release|Any CPU
	EndGlobalSection
	GlobalSection(ProjectConfigurationPlatforms) = postSolution
		{4BC1AD03-CB4F-4D0C-BD9E-6A1E8052BE76}.Debug|Any CPU.ActiveCfg = Debug|Any CPU
		{4BC1AD03-CB4F-4D0C-BD9E-6A1E8052BE76}.Debug|Any CPU.Build.0 = Debug|Any CPU
		{4BC1AD03-CB4F-4D0C-BD9E-6A1E8052BE76}.Release|Any CPU.ActiveCfg = Release|Any CPU
		{4BC1AD03-CB4F-4D0C-BD9E-6A1E8052BE76}.Release|Any CPU.Build.0 = Release|Any CPU
	EndGlobalSection
	GlobalSection(SolutionProperties) = preSolution
		HideSolutionNode = FALSE
	EndGlobalSection
	GlobalSection(ExtensibilityGlobals) = postSolution
		SolutionGuid = {86A0996F-C12E-4816-BD44-E53B69CB015F}
	EndGlobalSection
EndGlobal
