
Microsoft Visual Studio Solution File, Format Version 12.00
# Visual Studio Version 16
VisualStudioVersion = 16.0.29709.97
MinimumVisualStudioVersion = 10.0.40219.1
Project("{FAE04EC0-301F-11D3-BF4B-00C04F79EFBC}") = "ControleFuncionarios", "ControleFuncionarios\ControleFuncionarios.csproj", "{F68F9B27-2508-4474-959F-280921BAE924}"
EndProject
Global
	GlobalSection(SolutionConfigurationPlatforms) = preSolution
		Debug|Any CPU = Debug|Any CPU
		Release|Any CPU = Release|Any CPU
	EndGlobalSection
	GlobalSection(ProjectConfigurationPlatforms) = postSolution
		{F68F9B27-2508-4474-959F-280921BAE924}.Debug|Any CPU.ActiveCfg = Debug|Any CPU
		{F68F9B27-2508-4474-959F-280921BAE924}.Debug|Any CPU.Build.0 = Debug|Any CPU
		{F68F9B27-2508-4474-959F-280921BAE924}.Release|Any CPU.ActiveCfg = Release|Any CPU
		{F68F9B27-2508-4474-959F-280921BAE924}.Release|Any CPU.Build.0 = Release|Any CPU
	EndGlobalSection
	GlobalSection(SolutionProperties) = preSolution
		HideSolutionNode = FALSE
	EndGlobalSection
	GlobalSection(ExtensibilityGlobals) = postSolution
		SolutionGuid = {81F68EFA-BAD3-4013-B1B6-396802F8A711}
	EndGlobalSection
EndGlobal
